{
    "_meta": {
        "hash": {
            "sha256": "e529e720ce4eb2aff18dc6675ccce134ae806a17bdcc03e5b35a8788eeb9e230"
        },
        "pipfile-spec": 6,
        "requires": {
            "python_version": "3.6"
        },
        "sources": [
            {
                "name": "pypi",
                "url": "https://pypi.org/simple",
                "verify_ssl": true
            }
        ]
    },
    "default": {
        "asgiref": {
            "hashes": [
                "sha256:7e06d934a7718bf3975acbf87780ba678957b87c7adc056f13b6215d610695a0",
                "sha256:ea448f92fc35a0ef4b1508f53a04c4670255a3f33d22a81c8fc9c872036adbe5"
            ],
            "version": "==3.2.3"
        },
        "coverage": {
            "hashes": [
                "sha256:094378c3a35594335a840ea04d473c019e6d4fe10e343cd0d7fb5e87f8b7e926",
                "sha256:10216222f3e4139910b6230d0ca0fe9d10ee98837eb83d29525722d628729d20",
                "sha256:147478e21cba12c63b3454df5a2fb77b44df630428cffa3a36a6813e38157eab",
                "sha256:230ce08965190c0f69196be34a07a795981b2b02b21419c2e1918a882b3eeab0",
                "sha256:2469621d680a4c71cdbd3ea4dbed9d199bba93f21d2be1c107ded907b2db41a8",
                "sha256:26526174d11fb2163832628d943edd452e07528b0ecc0c83c88256a59a32287c",
                "sha256:2690bf0835f34ef3451860b02471e9560e4b3caf7413abeaa7544af72eb6d9ed",
                "sha256:2b6f2d9a60413e75651cebe33c3f2f66d61209db44e8b9cf6d8d66fb0cb01fda",
                "sha256:3ce91c6b92160ecefedf95a8c61fbf4fb36b0addef1a40c654acf1ad390653d0",
                "sha256:43d16d7e9e9eaace3d9f1828b617b1be248f90d031a4b2dc1b6e1c88f1602dcf",
                "sha256:52b6455da5f547cad72fd5cfc57a16678573fda6c695d257b5c266a44dbbd172",
                "sha256:533f3036c8f58e6381fcca3306fe988740638c62c7fc86b7fae9c74b85ac3cdc",
                "sha256:62d2abe5c733394058cb381d088bcab64a18da3ce9dc9a8ef2a18e122cbe47f1",
                "sha256:72c34f99164679e44a5cbf19bf1a13be4e715c680816302b6ceca49b979fde91",
                "sha256:81fc07feed4e40a7c0bdd266efa65e5afc83b5e0f1063007acc6759a957322a1",
                "sha256:82093e673182c761ce54dfab17f026a06be3c011fee9b653855b9a2649f20232",
                "sha256:87947fef728f72860407c446fd9b4a0f98e39e91ad7ae80803c02a85738e63ef",
                "sha256:8b18c5a5a6b35b6311d2c356782ce3c7bacf6d987d9dc479178577391bf1c7dd",
                "sha256:90e1850e993aa6b81bafaf672c8e508eaa17fbb5eb23aba93f7f4df822f3bd29",
                "sha256:99f71e365bcb03a8debe1a75061329c9e45379f244a229442319d64c53c4e844",
                "sha256:9b2c559104a90bf0043d6ef262ca205326d1fe6ec572dcf59e34be9289432793",
                "sha256:ad22b073d92ea65b063e612154c72d6367dec3dd47ed33c02e3ab339eabe7bf3",
                "sha256:bc3648da235fee2113a8cb80154d9fff4e2689d2d4a11ad35c1ecae23454b539",
                "sha256:d0e2478bde68c5d853bcd306b5aae8fbe80417e87957a21fa6ee71edb90639f2",
                "sha256:d3e6912d2370925222d2bfb3bd2ba02e9698b8da89cf7192ddf80cbb9f2455ee",
                "sha256:d4fa98e3e15863568ea89eaec5e0866ca763980bdc56098dd9316865c111a28e",
                "sha256:ee924a23457b373241ff39d21570360afd8ccb58520eb1e8e18eb00827b73e2d"
            ],
            "index": "pypi",
            "version": "==5.0a7"
        },
        "django": {
            "hashes": [
                "sha256:3c43d11a9d04a860b4ab658f6cbee11a33a87755667b0a9f42e0fc327d015d39",
                "sha256:e0336c2bc6bb99b87788d79e4c5dd88db255bcd097240e0f7f9843e222e43672"
            ],
            "index": "pypi",
            "version": "==3.0b1"
        },
        "pytz": {
            "hashes": [
                "sha256:1c557d7d0e871de1f5ccd5833f60fb2550652da6be2693c1e02300743d21500d",
                "sha256:b02c06db6cf09c12dd25137e563b31700d3b80fcc4ad23abb7a315f2789819be"
            ],
            "version": "==2019.3"
        },
        "sqlparse": {
            "hashes": [
                "sha256:40afe6b8d4b1117e7dff5504d7a8ce07d9a1b15aeeade8a2d10f130a834f8177",
                "sha256:7c3dca29c022744e95b547e867cee89f4fce4373f3549ccd8797d8eb52cdb873"
            ],
            "version": "==0.3.0"
        }
    },
    "develop": {}
}
